
Microsoft Visual Studio Solution File, Format Version 12.00
Project("{FAE04EC0-301F-11D3-BF4B-00C04F79EFBC}") = "StockService", "StockService\StockService.csproj", "{1383AADD-1ECC-46EC-9B04-079E41BDF435}"
EndProject
Project("{FAE04EC0-301F-11D3-BF4B-00C04F79EFBC}") = "OrderService", "OrderService\OrderService.csproj", "{8C8FA797-3A9E-4572-9DD8-F8ACA7FF7934}"
EndProject
Global
	GlobalSection(SolutionConfigurationPlatforms) = preSolution
		Debug|Any CPU = Debug|Any CPU
		Release|Any CPU = Release|Any CPU
	EndGlobalSection
	GlobalSection(ProjectConfigurationPlatforms) = postSolution
		{1383AADD-1ECC-46EC-9B04-079E41BDF435}.Debug|Any CPU.ActiveCfg = Debug|Any CPU
		{1383AADD-1ECC-46EC-9B04-079E41BDF435}.Debug|Any CPU.Build.0 = Debug|Any CPU
		{1383AADD-1ECC-46EC-9B04-079E41BDF435}.Release|Any CPU.ActiveCfg = Release|Any CPU
		{1383AADD-1ECC-46EC-9B04-079E41BDF435}.Release|Any CPU.Build.0 = Release|Any CPU
		{8C8FA797-3A9E-4572-9DD8-F8ACA7FF7934}.Debug|Any CPU.ActiveCfg = Debug|Any CPU
		{8C8FA797-3A9E-4572-9DD8-F8ACA7FF7934}.Debug|Any CPU.Build.0 = Debug|Any CPU
		{8C8FA797-3A9E-4572-9DD8-F8ACA7FF7934}.Release|Any CPU.ActiveCfg = Release|Any CPU
		{8C8FA797-3A9E-4572-9DD8-F8ACA7FF7934}.Release|Any CPU.Build.0 = Release|Any CPU
	EndGlobalSection
EndGlobal
